{
    "_readme": [
        "This file locks the dependencies of your project to a known state",
        "Read more about it at https://getcomposer.org/doc/01-basic-usage.md#installing-dependencies",
        "This file is @generated automatically"
    ],
    "content-hash": "8a420d3cba1c223a65c76d52b964f106",
    "packages": [
        {
            "name": "apfelbox/php-file-download",
            "version": "v2.1",
            "source": {
                "type": "git",
                "url": "https://github.com/apfelbox/PHP-File-Download.git",
                "reference": "01b0461e02e7514ccb8804cee9260e0b61e04069"
            },
            "dist": {
                "type": "zip",
                "url": "https://api.github.com/repos/apfelbox/PHP-File-Download/zipball/01b0461e02e7514ccb8804cee9260e0b61e04069",
                "reference": "01b0461e02e7514ccb8804cee9260e0b61e04069",
                "shasum": ""
            },
            "require": {
                "php": ">=5.3",
                "skyzyx/mimetypes": "~1.1"
            },
            "type": "library",
            "autoload": {
                "psr-4": {
                    "Apfelbox\\FileDownload\\": "src/"
                }
            },
            "notification-url": "https://packagist.org/downloads/",
            "license": [
                "BSD-3-Clause"
            ],
            "authors": [
                {
                    "name": "Jannik Zschiesche",
                    "email": "hello@apfelbox.net",
                    "homepage": "http://apfelbox.net"
                }
            ],
            "description": "A library to help with creating downloads for files in PHP",
            "homepage": "https://github.com/apfelbox/PHP-File-Download",
            "keywords": [
                "download"
            ],
            "support": {
                "issues": "https://github.com/apfelbox/PHP-File-Download/issues",
                "source": "https://github.com/apfelbox/PHP-File-Download/tree/master"
            },
            "time": "2014-02-10T17:12:20+00:00"
        },
        {
            "name": "bryonbean/mjml",
            "version": "1.0.0",
            "source": {
                "type": "git",
                "url": "https://github.com/bryonbean/mjml.git",
                "reference": "48120192d5e1479e4b5b6ce9cb772498ae133e10"
            },
            "dist": {
                "type": "zip",
                "url": "https://api.github.com/repos/bryonbean/mjml/zipball/48120192d5e1479e4b5b6ce9cb772498ae133e10",
                "reference": "48120192d5e1479e4b5b6ce9cb772498ae133e10",
                "shasum": ""
            },
            "require": {
                "eloquent/composer-npm-bridge": "^5"
            },
            "require-dev": {
                "phpunit/phpunit": "^8.5"
            },
            "type": "library",
            "extra": {
                "npm-bridge": {
                    "optional": true
                }
            },
            "autoload": {
                "psr-4": {
                    "Mjml\\": "src/"
                }
            },
            "notification-url": "https://packagist.org/downloads/",
            "license": [
                "MIT"
            ],
            "authors": [
                {
                    "name": "Bryon Bean",
                    "email": "bryon.bean@kitware.com"
                }
            ],
            "description": "MJML Compiler for PHP",
            "support": {
                "issues": "https://github.com/bryonbean/mjml/issues",
                "source": "https://github.com/bryonbean/mjml/tree/1.0.0"
            },
            "time": "2020-11-23T23:19:13+00:00"
        },
        {
            "name": "eloquent/composer-npm-bridge",
            "version": "5.0.0",
            "source": {
                "type": "git",
                "url": "https://github.com/eloquent/composer-npm-bridge.git",
                "reference": "9f34180e2643db9a775af5f9dd83a6c71c765747"
            },
            "dist": {
                "type": "zip",
                "url": "https://api.github.com/repos/eloquent/composer-npm-bridge/zipball/9f34180e2643db9a775af5f9dd83a6c71c765747",
                "reference": "9f34180e2643db9a775af5f9dd83a6c71c765747",
                "shasum": ""
            },
            "require": {
                "composer-plugin-api": "^2",
                "php": ">=7.2"
            },
            "require-dev": {
                "composer/composer": "^2",
                "eloquent/code-style": "^1",
                "eloquent/phony-phpunit": "^6",
                "errors/exceptions": "^0.2",
                "friendsofphp/php-cs-fixer": "^2",
                "phpunit/phpunit": "^8"
            },
            "type": "composer-plugin",
            "extra": {
                "class": "Eloquent\\Composer\\NpmBridge\\NpmBridgePlugin"
            },
            "autoload": {
                "psr-4": {
                    "Eloquent\\Composer\\NpmBridge\\": "src"
                }
            },
            "notification-url": "https://packagist.org/downloads/",
            "license": [
                "MIT"
            ],
            "authors": [
                {
                    "name": "Erin Millard",
                    "email": "ezzatron@gmail.com",
                    "homepage": "http://ezzatron.com/"
                }
            ],
            "description": "NPM integration for Composer packages.",
            "homepage": "https://github.com/eloquent/composer-npm-bridge",
            "keywords": [
                "Bridge",
                "composer",
                "composer-plugin",
                "integration",
                "npm",
                "package",
                "plugin"
            ],
            "support": {
                "issues": "https://github.com/eloquent/composer-npm-bridge/issues",
                "source": "https://github.com/eloquent/composer-npm-bridge/tree/5.0.0"
            },
            "time": "2020-11-23T00:42:23+00:00"
        },
        {
            "name": "mustache/mustache",
            "version": "v2.13.0",
            "source": {
                "type": "git",
                "url": "https://github.com/bobthecow/mustache.php.git",
                "reference": "e95c5a008c23d3151d59ea72484d4f72049ab7f4"
            },
            "dist": {
                "type": "zip",
                "url": "https://api.github.com/repos/bobthecow/mustache.php/zipball/e95c5a008c23d3151d59ea72484d4f72049ab7f4",
                "reference": "e95c5a008c23d3151d59ea72484d4f72049ab7f4",
                "shasum": ""
            },
            "require": {
                "php": ">=5.2.4"
            },
            "require-dev": {
                "friendsofphp/php-cs-fixer": "~1.11",
                "phpunit/phpunit": "~3.7|~4.0|~5.0"
            },
            "type": "library",
            "autoload": {
                "psr-0": {
                    "Mustache": "src/"
                }
            },
            "notification-url": "https://packagist.org/downloads/",
            "license": [
                "MIT"
            ],
            "authors": [
                {
                    "name": "Justin Hileman",
                    "email": "justin@justinhileman.info",
                    "homepage": "http://justinhileman.com"
                }
            ],
            "description": "A Mustache implementation in PHP.",
            "homepage": "https://github.com/bobthecow/mustache.php",
            "keywords": [
                "mustache",
                "templating"
            ],
            "support": {
                "issues": "https://github.com/bobthecow/mustache.php/issues",
                "source": "https://github.com/bobthecow/mustache.php/tree/master"
            },
            "time": "2019-11-23T21:40:31+00:00"
        },
        {
            "name": "piassi/solidpress",
            "version": "1.1.11",
            "source": {
                "type": "git",
                "url": "https://github.com/piassi/solidpress.git",
                "reference": "21bd82aabee1932ce7879a105fd59dd66b1bb3c2"
            },
            "dist": {
                "type": "zip",
                "url": "https://api.github.com/repos/piassi/solidpress/zipball/21bd82aabee1932ce7879a105fd59dd66b1bb3c2",
                "reference": "21bd82aabee1932ce7879a105fd59dd66b1bb3c2",
                "shasum": ""
            },
            "require-dev": {
                "paulthewalton/acf-stubs": "^5.8",
                "wp-coding-standards/wpcs": "^2.3"
            },
            "type": "library",
            "autoload": {
                "psr-4": {
                    "SolidPress\\": "src/"
                }
            },
            "notification-url": "https://packagist.org/downloads/",
            "license": [
                "MIT"
            ],
            "authors": [
                {
                    "name": "Thales Piassi",
                    "email": "thales.piassi.nunes@gmail.com"
                }
            ],
            "description": "Solid foundation for wordpress themes",
            "support": {
                "issues": "https://github.com/piassi/solidpress/issues",
                "source": "https://github.com/piassi/solidpress/tree/1.1.11"
            },
            "time": "2020-10-02T17:29:28+00:00"
        },
        {
            "name": "skyzyx/mimetypes",
            "version": "1.1.1",
            "source": {
                "type": "git",
                "url": "https://github.com/skyzyx/mimetypes.git",
                "reference": "bf8a41a13b187812fd9e71caaeee5c97ea4f0221"
            },
            "dist": {
                "type": "zip",
                "url": "https://api.github.com/repos/skyzyx/mimetypes/zipball/bf8a41a13b187812fd9e71caaeee5c97ea4f0221",
                "reference": "bf8a41a13b187812fd9e71caaeee5c97ea4f0221",
                "shasum": ""
            },
            "require": {
                "php": ">=5.3"
            },
            "require-dev": {
                "dflydev/apache-mime-types": "1.0.*@dev",
                "twig/twig": "1.*"
            },
            "type": "library",
            "autoload": {
                "psr-0": {
                    "Skyzyx\\Components\\Mimetypes": "src/"
                }
            },
            "notification-url": "https://packagist.org/downloads/",
            "license": [
                "MIT"
            ],
            "authors": [
                {
                    "name": "Ryan Parman",
                    "homepage": "http://ryanparman.com",
                    "role": "Vanity Developer"
                },
                {
                    "name": "Contributors",
                    "homepage": "http://github.com/skyzyx/mimetypes/contributors"
                }
            ],
            "description": "Creates a JSON document containing a thorough list of file extensions => mime types as provided by the Apache httpd project.",
            "homepage": "http://github.com/skyzyx/mimetypes",
            "keywords": [
                "dictionary",
                "map",
                "mime",
                "mimetype"
            ],
            "support": {
                "issues": "https://github.com/skyzyx/mimetypes/issues",
                "source": "https://github.com/skyzyx/mimetypes/tree/master"
            },
            "time": "2013-03-31T11:50:02+00:00"
        }
    ],
    "packages-dev": [
        {
            "name": "paulthewalton/acf-stubs",
            "version": "5.8.7",
            "source": {
                "type": "git",
                "url": "https://github.com/paulthewalton/acf-stubs.git",
                "reference": "722096c127186c41ac98395b418195d1db9cf576"
            },
            "dist": {
                "type": "zip",
                "url": "https://api.github.com/repos/paulthewalton/acf-stubs/zipball/722096c127186c41ac98395b418195d1db9cf576",
                "reference": "722096c127186c41ac98395b418195d1db9cf576",
                "shasum": ""
            },
            "require-dev": {
                "ext-gettext": "*",
                "giacocorsiglia/stubs-generator": "^0.5.0",
                "giacocorsiglia/wordpress-stubs": "*",
                "php": "^7.1",
                "wpackagist-plugin/advanced-custom-fields": "5.8.7"
            },
            "type": "library",
            "notification-url": "https://packagist.org/downloads/",
            "license": [
                "GPL-2.0+"
            ],
            "authors": [
                {
                    "name": "Paul Walton",
                    "email": "pwalton@live.ca",
                    "role": "copycat"
                }
            ],
            "description": "Based on giacocorsiglia/wordpress-stubs. Advanced Custom Fields function, class, and global variable declaration stubs for easier static analysis.",
            "keywords": [
                "acf",
                "advanced custom fields",
                "static analysis",
                "wordpress"
            ],
            "support": {
                "issues": "https://github.com/paulthewalton/acf-stubs/issues",
                "source": "https://github.com/paulthewalton/acf-stubs/tree/5.8.7"
            },
            "time": "2019-12-04T19:26:53+00:00"
        },
        {
            "name": "phpcompatibility/php-compatibility",
            "version": "9.3.5",
            "source": {
                "type": "git",
                "url": "https://github.com/PHPCompatibility/PHPCompatibility.git",
                "reference": "9fb324479acf6f39452e0655d2429cc0d3914243"
            },
            "dist": {
                "type": "zip",
                "url": "https://api.github.com/repos/PHPCompatibility/PHPCompatibility/zipball/9fb324479acf6f39452e0655d2429cc0d3914243",
                "reference": "9fb324479acf6f39452e0655d2429cc0d3914243",
                "shasum": ""
            },
            "require": {
                "php": ">=5.3",
                "squizlabs/php_codesniffer": "^2.3 || ^3.0.2"
            },
            "conflict": {
                "squizlabs/php_codesniffer": "2.6.2"
            },
            "require-dev": {
                "phpunit/phpunit": "~4.5 || ^5.0 || ^6.0 || ^7.0"
            },
            "suggest": {
                "dealerdirect/phpcodesniffer-composer-installer": "^0.5 || This Composer plugin will sort out the PHPCS 'installed_paths' automatically.",
                "roave/security-advisories": "dev-master || Helps prevent installing dependencies with known security issues."
            },
            "type": "phpcodesniffer-standard",
            "notification-url": "https://packagist.org/downloads/",
            "license": [
                "LGPL-3.0-or-later"
            ],
            "authors": [
                {
                    "name": "Wim Godden",
                    "homepage": "https://github.com/wimg",
                    "role": "lead"
                },
                {
                    "name": "Juliette Reinders Folmer",
                    "homepage": "https://github.com/jrfnl",
                    "role": "lead"
                },
                {
                    "name": "Contributors",
                    "homepage": "https://github.com/PHPCompatibility/PHPCompatibility/graphs/contributors"
                }
            ],
            "description": "A set of sniffs for PHP_CodeSniffer that checks for PHP cross-version compatibility.",
            "homepage": "http://techblog.wimgodden.be/tag/codesniffer/",
            "keywords": [
                "compatibility",
                "phpcs",
                "standards"
            ],
            "support": {
                "issues": "https://github.com/PHPCompatibility/PHPCompatibility/issues",
                "source": "https://github.com/PHPCompatibility/PHPCompatibility"
            },
            "time": "2019-12-27T09:44:58+00:00"
        },
        {
            "name": "phpcompatibility/phpcompatibility-paragonie",
            "version": "1.3.1",
            "source": {
                "type": "git",
                "url": "https://github.com/PHPCompatibility/PHPCompatibilityParagonie.git",
                "reference": "ddabec839cc003651f2ce695c938686d1086cf43"
            },
            "dist": {
                "type": "zip",
                "url": "https://api.github.com/repos/PHPCompatibility/PHPCompatibilityParagonie/zipball/ddabec839cc003651f2ce695c938686d1086cf43",
                "reference": "ddabec839cc003651f2ce695c938686d1086cf43",
                "shasum": ""
            },
            "require": {
                "phpcompatibility/php-compatibility": "^9.0"
            },
            "require-dev": {
                "dealerdirect/phpcodesniffer-composer-installer": "^0.7",
                "paragonie/random_compat": "dev-master",
                "paragonie/sodium_compat": "dev-master"
            },
            "suggest": {
                "dealerdirect/phpcodesniffer-composer-installer": "^0.7 || This Composer plugin will sort out the PHP_CodeSniffer 'installed_paths' automatically.",
                "roave/security-advisories": "dev-master || Helps prevent installing dependencies with known security issues."
            },
            "type": "phpcodesniffer-standard",
            "notification-url": "https://packagist.org/downloads/",
            "license": [
                "LGPL-3.0-or-later"
            ],
            "authors": [
                {
                    "name": "Wim Godden",
                    "role": "lead"
                },
                {
                    "name": "Juliette Reinders Folmer",
                    "role": "lead"
                }
            ],
            "description": "A set of rulesets for PHP_CodeSniffer to check for PHP cross-version compatibility issues in projects, while accounting for polyfills provided by the Paragonie polyfill libraries.",
            "homepage": "http://phpcompatibility.com/",
            "keywords": [
                "compatibility",
                "paragonie",
                "phpcs",
                "polyfill",
                "standards"
            ],
            "support": {
                "issues": "https://github.com/PHPCompatibility/PHPCompatibilityParagonie/issues",
                "source": "https://github.com/PHPCompatibility/PHPCompatibilityParagonie"
            },
            "time": "2021-02-15T10:24:51+00:00"
        },
        {
            "name": "phpcompatibility/phpcompatibility-wp",
            "version": "2.1.2",
            "source": {
                "type": "git",
                "url": "https://github.com/PHPCompatibility/PHPCompatibilityWP.git",
                "reference": "a792ab623069f0ce971b2417edef8d9632e32f75"
            },
            "dist": {
                "type": "zip",
                "url": "https://api.github.com/repos/PHPCompatibility/PHPCompatibilityWP/zipball/a792ab623069f0ce971b2417edef8d9632e32f75",
                "reference": "a792ab623069f0ce971b2417edef8d9632e32f75",
                "shasum": ""
            },
            "require": {
                "phpcompatibility/php-compatibility": "^9.0",
                "phpcompatibility/phpcompatibility-paragonie": "^1.0"
            },
            "require-dev": {
                "dealerdirect/phpcodesniffer-composer-installer": "^0.7"
            },
            "suggest": {
                "dealerdirect/phpcodesniffer-composer-installer": "^0.7 || This Composer plugin will sort out the PHP_CodeSniffer 'installed_paths' automatically.",
                "roave/security-advisories": "dev-master || Helps prevent installing dependencies with known security issues."
            },
            "type": "phpcodesniffer-standard",
            "notification-url": "https://packagist.org/downloads/",
            "license": [
                "LGPL-3.0-or-later"
            ],
            "authors": [
                {
                    "name": "Wim Godden",
                    "role": "lead"
                },
                {
                    "name": "Juliette Reinders Folmer",
                    "role": "lead"
                }
            ],
            "description": "A ruleset for PHP_CodeSniffer to check for PHP cross-version compatibility issues in projects, while accounting for polyfills provided by WordPress.",
            "homepage": "http://phpcompatibility.com/",
            "keywords": [
                "compatibility",
                "phpcs",
                "standards",
                "wordpress"
            ],
            "support": {
                "issues": "https://github.com/PHPCompatibility/PHPCompatibilityWP/issues",
                "source": "https://github.com/PHPCompatibility/PHPCompatibilityWP"
            },
            "time": "2021-07-21T11:09:57+00:00"
        },
        {
            "name": "squizlabs/php_codesniffer",
            "version": "3.6.1",
            "source": {
                "type": "git",
                "url": "https://github.com/squizlabs/PHP_CodeSniffer.git",
                "reference": "f268ca40d54617c6e06757f83f699775c9b3ff2e"
            },
            "dist": {
                "type": "zip",
                "url": "https://api.github.com/repos/squizlabs/PHP_CodeSniffer/zipball/f268ca40d54617c6e06757f83f699775c9b3ff2e",
                "reference": "f268ca40d54617c6e06757f83f699775c9b3ff2e",
                "shasum": ""
            },
            "require": {
                "ext-simplexml": "*",
                "ext-tokenizer": "*",
                "ext-xmlwriter": "*",
                "php": ">=5.4.0"
            },
            "require-dev": {
                "phpunit/phpunit": "^4.0 || ^5.0 || ^6.0 || ^7.0"
            },
            "bin": [
                "bin/phpcs",
                "bin/phpcbf"
            ],
            "type": "library",
            "extra": {
                "branch-alias": {
                    "dev-master": "3.x-dev"
                }
            },
            "notification-url": "https://packagist.org/downloads/",
            "license": [
                "BSD-3-Clause"
            ],
            "authors": [
                {
                    "name": "Greg Sherwood",
                    "role": "lead"
                }
            ],
            "description": "PHP_CodeSniffer tokenizes PHP, JavaScript and CSS files and detects violations of a defined set of coding standards.",
            "homepage": "https://github.com/squizlabs/PHP_CodeSniffer",
            "keywords": [
                "phpcs",
                "standards"
            ],
            "support": {
                "issues": "https://github.com/squizlabs/PHP_CodeSniffer/issues",
                "source": "https://github.com/squizlabs/PHP_CodeSniffer",
                "wiki": "https://github.com/squizlabs/PHP_CodeSniffer/wiki"
            },
            "time": "2021-10-11T04:00:11+00:00"
        },
        {
            "name": "wp-coding-standards/wpcs",
            "version": "2.3.0",
            "source": {
                "type": "git",
                "url": "https://github.com/WordPress/WordPress-Coding-Standards.git",
                "reference": "7da1894633f168fe244afc6de00d141f27517b62"
            },
            "dist": {
                "type": "zip",
                "url": "https://api.github.com/repos/WordPress/WordPress-Coding-Standards/zipball/7da1894633f168fe244afc6de00d141f27517b62",
                "reference": "7da1894633f168fe244afc6de00d141f27517b62",
                "shasum": ""
            },
            "require": {
                "php": ">=5.4",
                "squizlabs/php_codesniffer": "^3.3.1"
            },
            "require-dev": {
                "dealerdirect/phpcodesniffer-composer-installer": "^0.5 || ^0.6",
                "phpcompatibility/php-compatibility": "^9.0",
                "phpcsstandards/phpcsdevtools": "^1.0",
                "phpunit/phpunit": "^4.0 || ^5.0 || ^6.0 || ^7.0"
            },
            "suggest": {
                "dealerdirect/phpcodesniffer-composer-installer": "^0.6 || This Composer plugin will sort out the PHPCS 'installed_paths' automatically."
            },
            "type": "phpcodesniffer-standard",
            "notification-url": "https://packagist.org/downloads/",
            "license": [
                "MIT"
            ],
            "authors": [
                {
                    "name": "Contributors",
                    "homepage": "https://github.com/WordPress/WordPress-Coding-Standards/graphs/contributors"
                }
            ],
            "description": "PHP_CodeSniffer rules (sniffs) to enforce WordPress coding conventions",
            "keywords": [
                "phpcs",
                "standards",
                "wordpress"
            ],
            "support": {
                "issues": "https://github.com/WordPress/WordPress-Coding-Standards/issues",
                "source": "https://github.com/WordPress/WordPress-Coding-Standards",
                "wiki": "https://github.com/WordPress/WordPress-Coding-Standards/wiki"
            },
            "time": "2020-05-13T23:57:56+00:00"
        }
    ],
    "aliases": [],
    "minimum-stability": "stable",
    "stability-flags": [],
    "prefer-stable": false,
    "prefer-lowest": false,
    "platform": [],
    "platform-dev": [],
    "plugin-api-version": "2.0.0"
}
